# THIS IS AN AUTOGENERATED FILE. DO NOT EDIT THIS FILE DIRECTLY.
# yarn lockfile v1


"@react-navigation/core@^5.12.3":
  version "5.14.4"
  resolved "https://registry.yarnpkg.com/@react-navigation/core/-/core-5.14.4.tgz#f63a2cd214bddbd25e1181f9335c32dfc3b6460f"
  integrity sha512-MzZU9PO1a/6f9KdN04dC/E4BNl6M1Ba0Tb4sQdl/32y0hM2ToxlrKcERnTLWGFIbQV+9ZV1GTrp3mlGS6U9Jpw==
  dependencies:
    "@react-navigation/routers" "^5.6.2"
    escape-string-regexp "^4.0.0"
    nanoid "^3.1.15"
    query-string "^6.13.6"
    react-is "^16.13.0"

"@react-navigation/native@5.7.3":
  version "5.7.3"
  resolved "https://registry.yarnpkg.com/@react-navigation/native/-/native-5.7.3.tgz#3cda5ee7b0fe0d980db6d788419f0af50a64deac"
  integrity sha512-bXb1g/cLpGF2DW1Vxk90Ch5vbaZTk5b/4Fn5xjQlueQODgc9ca+GPEssKZ84hCrNmS+Xg+iK1m/ArawLF5gMlw==
  dependencies:
    "@react-navigation/core" "^5.12.3"
    nanoid "^3.1.12"

"@react-navigation/routers@^5.6.2":
  version "5.6.2"
  resolved "https://registry.yarnpkg.com/@react-navigation/routers/-/routers-5.6.2.tgz#accc008c3b777f74d998e16cb2ea8e4c1fe8d9aa"
  integrity sha512-XBcDKXS5s4MaHFufN44LtbXqFDH/nUHfHjbwG85fP3k772oRyPRgbnUb2mbw5MFGqORla9T7uymR6Gh6uwIwVw==
  dependencies:
    nanoid "^3.1.15"

decode-uri-component@^0.2.0:
  version "0.2.0"
  resolved "https://registry.yarnpkg.com/decode-uri-component/-/decode-uri-component-0.2.0.tgz#eb3913333458775cb84cd1a1fae062106bb87545"
  integrity sha1-6zkTMzRYd1y4TNGh+uBiEGu4dUU=

escape-string-regexp@^4.0.0:
  version "4.0.0"
  resolved "https://registry.yarnpkg.com/escape-string-regexp/-/escape-string-regexp-4.0.0.tgz#14ba83a5d373e3d311e5afca29cf5bfad965bf34"
  integrity sha512-TtpcNJ3XAzx3Gq8sWRzJaVajRs0uVxA2YAkdb1jm2YkPz4G6egUFAyA3n5vtEIZefPk5Wa4UXbKuS5fKkJWdgA==

nanoid@^3.1.12, nanoid@^3.1.15:
  version "3.1.18"
  resolved "https://registry.yarnpkg.com/nanoid/-/nanoid-3.1.18.tgz#0680db22ab01c372e89209f5d18283d98de3e96d"
  integrity sha512-rndlDjbbHbcV3xi+R2fpJ+PbGMdfBxz5v1fATIQFq0DP64FsicQdwnKLy47K4kZHdRpmQXtz24eGsxQqamzYTA==

query-string@^6.13.6:
  version "6.13.7"
  resolved "https://registry.yarnpkg.com/query-string/-/query-string-6.13.7.tgz#af53802ff6ed56f3345f92d40a056f93681026ee"
  integrity sha512-CsGs8ZYb39zu0WLkeOhe0NMePqgYdAuCqxOYKDR5LVCytDZYMGx3Bb+xypvQvPHVPijRXB0HZNFllCzHRe4gEA==
  dependencies:
    decode-uri-component "^0.2.0"
    split-on-first "^1.0.0"
    strict-uri-encode "^2.0.0"

react-is@^16.13.0:
  version "16.13.1"
  resolved "https://registry.yarnpkg.com/react-is/-/react-is-16.13.1.tgz#789729a4dc36de2999dc156dd6c1d9c18cea56a4"
  integrity sha512-24e6ynE2H+OKt4kqsOvNd8kBpV65zoxbA4BVsEOB3ARVWQki/DHzaUoC5KuON/BiccDaCCTZBuOcfZs70kR8bQ==

split-on-first@^1.0.0:
  version "1.1.0"
  resolved "https://registry.yarnpkg.com/split-on-first/-/split-on-first-1.1.0.tgz#f610afeee3b12bce1d0c30425e76398b78249a5f"
  integrity sha512-43ZssAJaMusuKWL8sKUBQXHWOpq8d6CfN/u1p4gUzfJkM05C8rxTmYrkIPTXapZpORA6LkkzcUulJ8FqA7Uudw==

strict-uri-encode@^2.0.0:
  version "2.0.0"
  resolved "https://registry.yarnpkg.com/strict-uri-encode/-/strict-uri-encode-2.0.0.tgz#b9c7330c7042862f6b142dc274bbcc5866ce3546"
  integrity sha1-ucczDHBChi9rFC3CdLvMWGbONUY=
